// !$*UTF8*$!
{
	archiveVersion = 1;
	classes = {
	};
	objectVersion = 46;
	objects = {

/* Begin PBXBuildFile section */
		490048191E1ADB4800EA8132 /* AKWSUtils.swift in Sources */ = {isa = PBXBuildFile; fileRef = 490048181E1ADB4800EA8132 /* AKWSUtils.swift */; };
		4905E7E01DC151E8007A2BB2 /* AKRadarSpanOverlay.swift in Sources */ = {isa = PBXBuildFile; fileRef = 4905E7DF1DC151E8007A2BB2 /* AKRadarSpanOverlay.swift */; };
		4905E7E21DC15231007A2BB2 /* AKUserAreaOverlay.swift in Sources */ = {isa = PBXBuildFile; fileRef = 4905E7E11DC15231007A2BB2 /* AKUserAreaOverlay.swift */; };
		4905E7E41DC15265007A2BB2 /* AKRainOverlay.swift in Sources */ = {isa = PBXBuildFile; fileRef = 4905E7E31DC15265007A2BB2 /* AKRainOverlay.swift */; };
		4905E7E61DC15284007A2BB2 /* AKRainOverlayRenderer.swift in Sources */ = {isa = PBXBuildFile; fileRef = 4905E7E51DC15284007A2BB2 /* AKRainOverlayRenderer.swift */; };
		4905E7E81DC1C8C8007A2BB2 /* AKRainfallPoint.swift in Sources */ = {isa = PBXBuildFile; fileRef = 4905E7E71DC1C8C8007A2BB2 /* AKRainfallPoint.swift */; };
		49223BF21DFEE6A200C8CB61 /* AKHeatMapInfoOverlayView.xib in Resources */ = {isa = PBXBuildFile; fileRef = 49223BF11DFEE6A200C8CB61 /* AKHeatMapInfoOverlayView.xib */; };
		49223BF41DFEE86500C8CB61 /* AKHeatMapInfoOverlayView.swift in Sources */ = {isa = PBXBuildFile; fileRef = 49223BF31DFEE86500C8CB61 /* AKHeatMapInfoOverlayView.swift */; };
		49223BF61DFF2B1100C8CB61 /* 0005-030px.png in Resources */ = {isa = PBXBuildFile; fileRef = 49223BF51DFF2B1100C8CB61 /* 0005-030px.png */; };
		49223BF81DFF2E7200C8CB61 /* AKHeatMapActionsOverlayView.xib in Resources */ = {isa = PBXBuildFile; fileRef = 49223BF71DFF2E7200C8CB61 /* AKHeatMapActionsOverlayView.xib */; };
		49223BFA1DFF2F3A00C8CB61 /* AKHeatMapActionsOverlayView.swift in Sources */ = {isa = PBXBuildFile; fileRef = 49223BF91DFF2F3A00C8CB61 /* AKHeatMapActionsOverlayView.swift */; };
		49223BFC1DFF3CEE00C8CB61 /* AKDIMOverlayRenderer.swift in Sources */ = {isa = PBXBuildFile; fileRef = 49223BFB1DFF3CEE00C8CB61 /* AKDIMOverlayRenderer.swift */; };
		49223BFE1DFF3D2100C8CB61 /* AKDIMOverlay.swift in Sources */ = {isa = PBXBuildFile; fileRef = 49223BFD1DFF3D2100C8CB61 /* AKDIMOverlay.swift */; };
		49223C001DFF41FE00C8CB61 /* AKHeatMapAlertsOverlayView.xib in Resources */ = {isa = PBXBuildFile; fileRef = 49223BFF1DFF41FE00C8CB61 /* AKHeatMapAlertsOverlayView.xib */; };
		49223C021DFF42C600C8CB61 /* AKHeatMapAlertsOverlayView.swift in Sources */ = {isa = PBXBuildFile; fileRef = 49223C011DFF42C600C8CB61 /* AKHeatMapAlertsOverlayView.swift */; };
		492FF7531DBE8AFE009B4CDD /* 0001-030px.png in Resources */ = {isa = PBXBuildFile; fileRef = 492FF7501DBE8AFE009B4CDD /* 0001-030px.png */; };
		492FF7541DBE8AFE009B4CDD /* 0002-030px.png in Resources */ = {isa = PBXBuildFile; fileRef = 492FF7511DBE8AFE009B4CDD /* 0002-030px.png */; };
		492FF7551DBE8AFE009B4CDD /* 0003-030px.png in Resources */ = {isa = PBXBuildFile; fileRef = 492FF7521DBE8AFE009B4CDD /* 0003-030px.png */; };
		492FF7571DBE8BE9009B4CDD /* 0004-030px.png in Resources */ = {isa = PBXBuildFile; fileRef = 492FF7561DBE8BE9009B4CDD /* 0004-030px.png */; };
		4960A4331E0C37EC0076E50C /* AmaTests.swift in Sources */ = {isa = PBXBuildFile; fileRef = 4960A42C1E0C37EC0076E50C /* AmaTests.swift */; };
		496707FD1DFB904100888E25 /* 2015-12-04--09%3A44%3A11,00.ama in Resources */ = {isa = PBXBuildFile; fileRef = 496707FC1DFB904000888E25 /* 2015-12-04--09%3A44%3A11,00.ama */; };
		49B46A411E0C3F280052F75E /* AKFileIO.swift in Sources */ = {isa = PBXBuildFile; fileRef = 49B46A401E0C3F280052F75E /* AKFileIO.swift */; };
		49B96A0F1E1DA56C00F33829 /* 0006-512px.png in Resources */ = {isa = PBXBuildFile; fileRef = 49B96A001E1DA56C00F33829 /* 0006-512px.png */; };
		49B96A101E1DA56C00F33829 /* AppIcon-29@1x.png in Resources */ = {isa = PBXBuildFile; fileRef = 49B96A011E1DA56C00F33829 /* AppIcon-29@1x.png */; };
		49B96A111E1DA56C00F33829 /* AppIcon-29@2x.png in Resources */ = {isa = PBXBuildFile; fileRef = 49B96A021E1DA56C00F33829 /* AppIcon-29@2x.png */; };
		49B96A121E1DA56C00F33829 /* AppIcon-29@3x.png in Resources */ = {isa = PBXBuildFile; fileRef = 49B96A031E1DA56C00F33829 /* AppIcon-29@3x.png */; };
		49B96A131E1DA56C00F33829 /* AppIcon-40@1x.png in Resources */ = {isa = PBXBuildFile; fileRef = 49B96A041E1DA56C00F33829 /* AppIcon-40@1x.png */; };
		49B96A141E1DA56C00F33829 /* AppIcon-40@2x.png in Resources */ = {isa = PBXBuildFile; fileRef = 49B96A051E1DA56C00F33829 /* AppIcon-40@2x.png */; };
		49B96A151E1DA56C00F33829 /* AppIcon-40@3x.png in Resources */ = {isa = PBXBuildFile; fileRef = 49B96A061E1DA56C00F33829 /* AppIcon-40@3x.png */; };
		49B96A161E1DA56C00F33829 /* AppIcon-60@1x.png in Resources */ = {isa = PBXBuildFile; fileRef = 49B96A071E1DA56C00F33829 /* AppIcon-60@1x.png */; };
		49B96A171E1DA56C00F33829 /* AppIcon-60@2x.png in Resources */ = {isa = PBXBuildFile; fileRef = 49B96A081E1DA56C00F33829 /* AppIcon-60@2x.png */; };
		49B96A181E1DA56C00F33829 /* AppIcon-60@3x.png in Resources */ = {isa = PBXBuildFile; fileRef = 49B96A091E1DA56C00F33829 /* AppIcon-60@3x.png */; };
		49B96A191E1DA56C00F33829 /* AppIcon-76@1x.png in Resources */ = {isa = PBXBuildFile; fileRef = 49B96A0A1E1DA56C00F33829 /* AppIcon-76@1x.png */; };
		49B96A1A1E1DA56C00F33829 /* AppIcon-76@2x.png in Resources */ = {isa = PBXBuildFile; fileRef = 49B96A0B1E1DA56C00F33829 /* AppIcon-76@2x.png */; };
		49B96A1B1E1DA56C00F33829 /* AppIcon-76@3x.png in Resources */ = {isa = PBXBuildFile; fileRef = 49B96A0C1E1DA56C00F33829 /* AppIcon-76@3x.png */; };
		49B96A1C1E1DA56C00F33829 /* AppIcon-83.5@2x.png in Resources */ = {isa = PBXBuildFile; fileRef = 49B96A0D1E1DA56C00F33829 /* AppIcon-83.5@2x.png */; };
		49B96A1D1E1DA56C00F33829 /* AppIcon-1024@1x.png in Resources */ = {isa = PBXBuildFile; fileRef = 49B96A0E1E1DA56C00F33829 /* AppIcon-1024@1x.png */; };
		49B96A211E1DA9B900F33829 /* AppIcon-20@1x.png in Resources */ = {isa = PBXBuildFile; fileRef = 49B96A1E1E1DA9B900F33829 /* AppIcon-20@1x.png */; };
		49B96A221E1DA9B900F33829 /* AppIcon-20@2x.png in Resources */ = {isa = PBXBuildFile; fileRef = 49B96A1F1E1DA9B900F33829 /* AppIcon-20@2x.png */; };
		49B96A231E1DA9B900F33829 /* AppIcon-20@3x.png in Resources */ = {isa = PBXBuildFile; fileRef = 49B96A201E1DA9B900F33829 /* AppIcon-20@3x.png */; };
		49C423221E1AC60900728DF0 /* AKUser.swift in Sources */ = {isa = PBXBuildFile; fileRef = 49C423211E1AC60900728DF0 /* AKUser.swift */; };
		49D0BEF61DB121D700149DEE /* AKCustomView.m in Sources */ = {isa = PBXBuildFile; fileRef = 49D0BEDD1DB121D700149DEE /* AKCustomView.m */; };
		49D0BEF71DB121D700149DEE /* AKCustomViewController.swift in Sources */ = {isa = PBXBuildFile; fileRef = 49D0BEDE1DB121D700149DEE /* AKCustomViewController.swift */; };
		49D0BF001DB121D700149DEE /* AKConstants.swift in Sources */ = {isa = PBXBuildFile; fileRef = 49D0BEEE1DB121D700149DEE /* AKConstants.swift */; };
		49D0BF041DB121D700149DEE /* AKInputData.swift in Sources */ = {isa = PBXBuildFile; fileRef = 49D0BEF21DB121D700149DEE /* AKInputData.swift */; };
		49D621BF1E12E65D004388AF /* AKFileUtils.swift in Sources */ = {isa = PBXBuildFile; fileRef = 49D621B91E12E65D004388AF /* AKFileUtils.swift */; };
		49D621C01E12E65D004388AF /* AKMasterFile.swift in Sources */ = {isa = PBXBuildFile; fileRef = 49D621BA1E12E65D004388AF /* AKMasterFile.swift */; };
		49E4957F1D93193F00E7822D /* Podfile in Resources */ = {isa = PBXBuildFile; fileRef = 49E4957D1D93193F00E7822D /* Podfile */; };
		49ECF55F1D9317CA003E0359 /* AKAppDelegate.swift in Sources */ = {isa = PBXBuildFile; fileRef = 49ECF54B1D9317CA003E0359 /* AKAppDelegate.swift */; };
		49ECF5611D9317CA003E0359 /* AKMain.storyboard in Resources */ = {isa = PBXBuildFile; fileRef = 49ECF54D1D9317CA003E0359 /* AKMain.storyboard */; };
		49ECF5621D9317CA003E0359 /* AKHeatMapViewController.swift in Sources */ = {isa = PBXBuildFile; fileRef = 49ECF5531D9317CA003E0359 /* AKHeatMapViewController.swift */; };
		49ECF5631D9317CA003E0359 /* AKConfigViewController.swift in Sources */ = {isa = PBXBuildFile; fileRef = 49ECF5541D9317CA003E0359 /* AKConfigViewController.swift */; };
		49ECF5641D9317CA003E0359 /* Assets.xcassets in Resources */ = {isa = PBXBuildFile; fileRef = 49ECF5571D9317CA003E0359 /* Assets.xcassets */; };
		D949E3C4129F5FC2DB52A98D /* Pods_Ama.framework in Frameworks */ = {isa = PBXBuildFile; fileRef = 877718A541E64678B753DA50 /* Pods_Ama.framework */; };
/* End PBXBuildFile section */

/* Begin PBXContainerItemProxy section */
		4960A4261E0C28140076E50C /* PBXContainerItemProxy */ = {
			isa = PBXContainerItemProxy;
			containerPortal = 496C1A1E1D930FDD00E41190 /* Project object */;
			proxyType = 1;
			remoteGlobalIDString = 496C1A251D930FDD00E41190;
			remoteInfo = Ama;
		};
/* End PBXContainerItemProxy section */

/* Begin PBXFileReference section */
		490048181E1ADB4800EA8132 /* AKWSUtils.swift */ = {isa = PBXFileReference; fileEncoding = 4; lastKnownFileType = sourcecode.swift; path = AKWSUtils.swift; sourceTree = "<group>"; };
		4905E7DF1DC151E8007A2BB2 /* AKRadarSpanOverlay.swift */ = {isa = PBXFileReference; fileEncoding = 4; lastKnownFileType = sourcecode.swift; name = AKRadarSpanOverlay.swift; path = AKCustomComponents/AKRadarSpanOverlay.swift; sourceTree = "<group>"; };
		4905E7E11DC15231007A2BB2 /* AKUserAreaOverlay.swift */ = {isa = PBXFileReference; fileEncoding = 4; lastKnownFileType = sourcecode.swift; name = AKUserAreaOverlay.swift; path = AKCustomComponents/AKUserAreaOverlay.swift; sourceTree = "<group>"; };
		4905E7E31DC15265007A2BB2 /* AKRainOverlay.swift */ = {isa = PBXFileReference; fileEncoding = 4; lastKnownFileType = sourcecode.swift; name = AKRainOverlay.swift; path = AKCustomComponents/AKRainOverlay.swift; sourceTree = "<group>"; };
		4905E7E51DC15284007A2BB2 /* AKRainOverlayRenderer.swift */ = {isa = PBXFileReference; fileEncoding = 4; lastKnownFileType = sourcecode.swift; name = AKRainOverlayRenderer.swift; path = AKCustomComponents/AKRainOverlayRenderer.swift; sourceTree = "<group>"; };
		4905E7E71DC1C8C8007A2BB2 /* AKRainfallPoint.swift */ = {isa = PBXFileReference; fileEncoding = 4; lastKnownFileType = sourcecode.swift; path = AKRainfallPoint.swift; sourceTree = "<group>"; };
		49223BF11DFEE6A200C8CB61 /* AKHeatMapInfoOverlayView.xib */ = {isa = PBXFileReference; fileEncoding = 4; lastKnownFileType = file.xib; path = AKHeatMapInfoOverlayView.xib; sourceTree = "<group>"; };
		49223BF31DFEE86500C8CB61 /* AKHeatMapInfoOverlayView.swift */ = {isa = PBXFileReference; fileEncoding = 4; lastKnownFileType = sourcecode.swift; path = AKHeatMapInfoOverlayView.swift; sourceTree = "<group>"; };
		49223BF51DFF2B1100C8CB61 /* 0005-030px.png */ = {isa = PBXFileReference; lastKnownFileType = image.png; path = "0005-030px.png"; sourceTree = "<group>"; };
		49223BF71DFF2E7200C8CB61 /* AKHeatMapActionsOverlayView.xib */ = {isa = PBXFileReference; fileEncoding = 4; lastKnownFileType = file.xib; path = AKHeatMapActionsOverlayView.xib; sourceTree = "<group>"; };
		49223BF91DFF2F3A00C8CB61 /* AKHeatMapActionsOverlayView.swift */ = {isa = PBXFileReference; fileEncoding = 4; lastKnownFileType = sourcecode.swift; path = AKHeatMapActionsOverlayView.swift; sourceTree = "<group>"; };
		49223BFB1DFF3CEE00C8CB61 /* AKDIMOverlayRenderer.swift */ = {isa = PBXFileReference; fileEncoding = 4; lastKnownFileType = sourcecode.swift; path = AKDIMOverlayRenderer.swift; sourceTree = "<group>"; };
		49223BFD1DFF3D2100C8CB61 /* AKDIMOverlay.swift */ = {isa = PBXFileReference; fileEncoding = 4; lastKnownFileType = sourcecode.swift; path = AKDIMOverlay.swift; sourceTree = "<group>"; };
		49223BFF1DFF41FE00C8CB61 /* AKHeatMapAlertsOverlayView.xib */ = {isa = PBXFileReference; fileEncoding = 4; lastKnownFileType = file.xib; path = AKHeatMapAlertsOverlayView.xib; sourceTree = "<group>"; };
		49223C011DFF42C600C8CB61 /* AKHeatMapAlertsOverlayView.swift */ = {isa = PBXFileReference; fileEncoding = 4; lastKnownFileType = sourcecode.swift; path = AKHeatMapAlertsOverlayView.swift; sourceTree = "<group>"; };
		492FF7501DBE8AFE009B4CDD /* 0001-030px.png */ = {isa = PBXFileReference; lastKnownFileType = image.png; path = "0001-030px.png"; sourceTree = "<group>"; };
		492FF7511DBE8AFE009B4CDD /* 0002-030px.png */ = {isa = PBXFileReference; lastKnownFileType = image.png; path = "0002-030px.png"; sourceTree = "<group>"; };
		492FF7521DBE8AFE009B4CDD /* 0003-030px.png */ = {isa = PBXFileReference; lastKnownFileType = image.png; path = "0003-030px.png"; sourceTree = "<group>"; };
		492FF7561DBE8BE9009B4CDD /* 0004-030px.png */ = {isa = PBXFileReference; lastKnownFileType = image.png; path = "0004-030px.png"; sourceTree = "<group>"; };
		4960A4211E0C28140076E50C /* AmaTests.xctest */ = {isa = PBXFileReference; explicitFileType = wrapper.cfbundle; includeInIndex = 0; path = AmaTests.xctest; sourceTree = BUILT_PRODUCTS_DIR; };
		4960A42C1E0C37EC0076E50C /* AmaTests.swift */ = {isa = PBXFileReference; fileEncoding = 4; lastKnownFileType = sourcecode.swift; path = AmaTests.swift; sourceTree = "<group>"; };
		4960A4321E0C37EC0076E50C /* Info.plist */ = {isa = PBXFileReference; fileEncoding = 4; lastKnownFileType = text.plist.xml; path = Info.plist; sourceTree = "<group>"; };
		496707FC1DFB904000888E25 /* 2015-12-04--09%3A44%3A11,00.ama */ = {isa = PBXFileReference; fileEncoding = 4; lastKnownFileType = text; path = "2015-12-04--09%3A44%3A11,00.ama"; sourceTree = "<group>"; };
		496C1A261D930FDD00E41190 /* Ama.app */ = {isa = PBXFileReference; explicitFileType = wrapper.application; includeInIndex = 0; path = Ama.app; sourceTree = BUILT_PRODUCTS_DIR; };
		49B46A401E0C3F280052F75E /* AKFileIO.swift */ = {isa = PBXFileReference; fileEncoding = 4; lastKnownFileType = sourcecode.swift; path = AKFileIO.swift; sourceTree = "<group>"; };
		49B96A001E1DA56C00F33829 /* 0006-512px.png */ = {isa = PBXFileReference; lastKnownFileType = image.png; path = "0006-512px.png"; sourceTree = "<group>"; };
		49B96A011E1DA56C00F33829 /* AppIcon-29@1x.png */ = {isa = PBXFileReference; lastKnownFileType = image.png; path = "AppIcon-29@1x.png"; sourceTree = "<group>"; };
		49B96A021E1DA56C00F33829 /* AppIcon-29@2x.png */ = {isa = PBXFileReference; lastKnownFileType = image.png; path = "AppIcon-29@2x.png"; sourceTree = "<group>"; };
		49B96A031E1DA56C00F33829 /* AppIcon-29@3x.png */ = {isa = PBXFileReference; lastKnownFileType = image.png; path = "AppIcon-29@3x.png"; sourceTree = "<group>"; };
		49B96A041E1DA56C00F33829 /* AppIcon-40@1x.png */ = {isa = PBXFileReference; lastKnownFileType = image.png; path = "AppIcon-40@1x.png"; sourceTree = "<group>"; };
		49B96A051E1DA56C00F33829 /* AppIcon-40@2x.png */ = {isa = PBXFileReference; lastKnownFileType = image.png; path = "AppIcon-40@2x.png"; sourceTree = "<group>"; };
		49B96A061E1DA56C00F33829 /* AppIcon-40@3x.png */ = {isa = PBXFileReference; lastKnownFileType = image.png; path = "AppIcon-40@3x.png"; sourceTree = "<group>"; };
		49B96A071E1DA56C00F33829 /* AppIcon-60@1x.png */ = {isa = PBXFileReference; lastKnownFileType = image.png; path = "AppIcon-60@1x.png"; sourceTree = "<group>"; };
		49B96A081E1DA56C00F33829 /* AppIcon-60@2x.png */ = {isa = PBXFileReference; lastKnownFileType = image.png; path = "AppIcon-60@2x.png"; sourceTree = "<group>"; };
		49B96A091E1DA56C00F33829 /* AppIcon-60@3x.png */ = {isa = PBXFileReference; lastKnownFileType = image.png; path = "AppIcon-60@3x.png"; sourceTree = "<group>"; };
		49B96A0A1E1DA56C00F33829 /* AppIcon-76@1x.png */ = {isa = PBXFileReference; lastKnownFileType = image.png; path = "AppIcon-76@1x.png"; sourceTree = "<group>"; };
		49B96A0B1E1DA56C00F33829 /* AppIcon-76@2x.png */ = {isa = PBXFileReference; lastKnownFileType = image.png; path = "AppIcon-76@2x.png"; sourceTree = "<group>"; };
		49B96A0C1E1DA56C00F33829 /* AppIcon-76@3x.png */ = {isa = PBXFileReference; lastKnownFileType = image.png; path = "AppIcon-76@3x.png"; sourceTree = "<group>"; };
		49B96A0D1E1DA56C00F33829 /* AppIcon-83.5@2x.png */ = {isa = PBXFileReference; lastKnownFileType = image.png; path = "AppIcon-83.5@2x.png"; sourceTree = "<group>"; };
		49B96A0E1E1DA56C00F33829 /* AppIcon-1024@1x.png */ = {isa = PBXFileReference; lastKnownFileType = image.png; path = "AppIcon-1024@1x.png"; sourceTree = "<group>"; };
		49B96A1E1E1DA9B900F33829 /* AppIcon-20@1x.png */ = {isa = PBXFileReference; lastKnownFileType = image.png; path = "AppIcon-20@1x.png"; sourceTree = "<group>"; };
		49B96A1F1E1DA9B900F33829 /* AppIcon-20@2x.png */ = {isa = PBXFileReference; lastKnownFileType = image.png; path = "AppIcon-20@2x.png"; sourceTree = "<group>"; };
		49B96A201E1DA9B900F33829 /* AppIcon-20@3x.png */ = {isa = PBXFileReference; lastKnownFileType = image.png; path = "AppIcon-20@3x.png"; sourceTree = "<group>"; };
		49C423211E1AC60900728DF0 /* AKUser.swift */ = {isa = PBXFileReference; fileEncoding = 4; lastKnownFileType = sourcecode.swift; path = AKUser.swift; sourceTree = "<group>"; };
		49D0BEDC1DB121D700149DEE /* AKCustomView.h */ = {isa = PBXFileReference; fileEncoding = 4; lastKnownFileType = sourcecode.c.h; path = AKCustomView.h; sourceTree = "<group>"; };
		49D0BEDD1DB121D700149DEE /* AKCustomView.m */ = {isa = PBXFileReference; fileEncoding = 4; lastKnownFileType = sourcecode.c.objc; path = AKCustomView.m; sourceTree = "<group>"; };
		49D0BEDE1DB121D700149DEE /* AKCustomViewController.swift */ = {isa = PBXFileReference; fileEncoding = 4; lastKnownFileType = sourcecode.swift; path = AKCustomViewController.swift; sourceTree = "<group>"; };
		49D0BEEE1DB121D700149DEE /* AKConstants.swift */ = {isa = PBXFileReference; fileEncoding = 4; lastKnownFileType = sourcecode.swift; path = AKConstants.swift; sourceTree = "<group>"; };
		49D0BEF21DB121D700149DEE /* AKInputData.swift */ = {isa = PBXFileReference; fileEncoding = 4; lastKnownFileType = sourcecode.swift; path = AKInputData.swift; sourceTree = "<group>"; };
		49D0BF081DB124E900149DEE /* Ama.entitlements */ = {isa = PBXFileReference; lastKnownFileType = text.plist.entitlements; path = Ama.entitlements; sourceTree = "<group>"; };
		49D0BF091DB125DF00149DEE /* AKBridgingHeader.h */ = {isa = PBXFileReference; fileEncoding = 4; lastKnownFileType = sourcecode.c.h; path = AKBridgingHeader.h; sourceTree = "<group>"; };
		49D621B91E12E65D004388AF /* AKFileUtils.swift */ = {isa = PBXFileReference; fileEncoding = 4; lastKnownFileType = sourcecode.swift; path = AKFileUtils.swift; sourceTree = "<group>"; };
		49D621BA1E12E65D004388AF /* AKMasterFile.swift */ = {isa = PBXFileReference; fileEncoding = 4; lastKnownFileType = sourcecode.swift; path = AKMasterFile.swift; sourceTree = "<group>"; };
		49E4957D1D93193F00E7822D /* Podfile */ = {isa = PBXFileReference; fileEncoding = 4; lastKnownFileType = text; path = Podfile; sourceTree = "<group>"; xcLanguageSpecificationIdentifier = xcode.lang.ruby; };
		49ECF54B1D9317CA003E0359 /* AKAppDelegate.swift */ = {isa = PBXFileReference; fileEncoding = 4; lastKnownFileType = sourcecode.swift; path = AKAppDelegate.swift; sourceTree = "<group>"; };
		49ECF54D1D9317CA003E0359 /* AKMain.storyboard */ = {isa = PBXFileReference; fileEncoding = 4; lastKnownFileType = file.storyboard; path = AKMain.storyboard; sourceTree = "<group>"; };
		49ECF5531D9317CA003E0359 /* AKHeatMapViewController.swift */ = {isa = PBXFileReference; fileEncoding = 4; lastKnownFileType = sourcecode.swift; path = AKHeatMapViewController.swift; sourceTree = "<group>"; };
		49ECF5541D9317CA003E0359 /* AKConfigViewController.swift */ = {isa = PBXFileReference; fileEncoding = 4; lastKnownFileType = sourcecode.swift; path = AKConfigViewController.swift; sourceTree = "<group>"; };
		49ECF5571D9317CA003E0359 /* Assets.xcassets */ = {isa = PBXFileReference; lastKnownFileType = folder.assetcatalog; path = Assets.xcassets; sourceTree = "<group>"; };
		49ECF55E1D9317CA003E0359 /* Info.plist */ = {isa = PBXFileReference; fileEncoding = 4; lastKnownFileType = text.plist.xml; path = Info.plist; sourceTree = "<group>"; };
		7E1E5206C4883F3670F3EC77 /* Pods-Ama.debug.xcconfig */ = {isa = PBXFileReference; includeInIndex = 1; lastKnownFileType = text.xcconfig; name = "Pods-Ama.debug.xcconfig"; path = "Pods/Target Support Files/Pods-Ama/Pods-Ama.debug.xcconfig"; sourceTree = "<group>"; };
		877718A541E64678B753DA50 /* Pods_Ama.framework */ = {isa = PBXFileReference; explicitFileType = wrapper.framework; includeInIndex = 0; path = Pods_Ama.framework; sourceTree = BUILT_PRODUCTS_DIR; };
		CA3841395D8278F8472F2F04 /* Pods-Ama.release.xcconfig */ = {isa = PBXFileReference; includeInIndex = 1; lastKnownFileType = text.xcconfig; name = "Pods-Ama.release.xcconfig"; path = "Pods/Target Support Files/Pods-Ama/Pods-Ama.release.xcconfig"; sourceTree = "<group>"; };
/* End PBXFileReference section */

/* Begin PBXFrameworksBuildPhase section */
		4960A41E1E0C28140076E50C /* Frameworks */ = {
			isa = PBXFrameworksBuildPhase;
			buildActionMask = 2147483647;
			files = (
			);
			runOnlyForDeploymentPostprocessing = 0;
		};
		496C1A231D930FDD00E41190 /* Frameworks */ = {
			isa = PBXFrameworksBuildPhase;
			buildActionMask = 2147483647;
			files = (
				D949E3C4129F5FC2DB52A98D /* Pods_Ama.framework in Frameworks */,
			);
			runOnlyForDeploymentPostprocessing = 0;
		};
/* End PBXFrameworksBuildPhase section */

/* Begin PBXGroup section */
		3DB4CE83563402215D04895B /* Pods */ = {
			isa = PBXGroup;
			children = (
				7E1E5206C4883F3670F3EC77 /* Pods-Ama.debug.xcconfig */,
				CA3841395D8278F8472F2F04 /* Pods-Ama.release.xcconfig */,
			);
			name = Pods;
			sourceTree = "<group>";
		};
		4960A4221E0C28140076E50C /* AmaTests */ = {
			isa = PBXGroup;
			children = (
				4960A42B1E0C37EC0076E50C /* Application */,
				4960A42D1E0C37EC0076E50C /* Shared */,
				4960A4311E0C37EC0076E50C /* Supporting Files */,
			);
			path = AmaTests;
			sourceTree = "<group>";
		};
		4960A42B1E0C37EC0076E50C /* Application */ = {
			isa = PBXGroup;
			children = (
				4960A42C1E0C37EC0076E50C /* AmaTests.swift */,
			);
			path = Application;
			sourceTree = "<group>";
		};
		4960A42D1E0C37EC0076E50C /* Shared */ = {
			isa = PBXGroup;
			children = (
				4960A42E1E0C37EC0076E50C /* Library */,
			);
			path = Shared;
			sourceTree = "<group>";
		};
		4960A42E1E0C37EC0076E50C /* Library */ = {
			isa = PBXGroup;
			children = (
				49B46A401E0C3F280052F75E /* AKFileIO.swift */,
			);
			path = Library;
			sourceTree = "<group>";
		};
		4960A4311E0C37EC0076E50C /* Supporting Files */ = {
			isa = PBXGroup;
			children = (
				4960A4321E0C37EC0076E50C /* Info.plist */,
			);
			path = "Supporting Files";
			sourceTree = "<group>";
		};
		496C1A1D1D930FDD00E41190 = {
			isa = PBXGroup;
			children = (
				49E4957D1D93193F00E7822D /* Podfile */,
				496C1A281D930FDD00E41190 /* Ama */,
				4960A4221E0C28140076E50C /* AmaTests */,
				D116BF51896162D91D060034 /* Frameworks */,
				3DB4CE83563402215D04895B /* Pods */,
				496C1A271D930FDD00E41190 /* Products */,
			);
			sourceTree = "<group>";
		};
		496C1A271D930FDD00E41190 /* Products */ = {
			isa = PBXGroup;
			children = (
				496C1A261D930FDD00E41190 /* Ama.app */,
				4960A4211E0C28140076E50C /* AmaTests.xctest */,
			);
			name = Products;
			sourceTree = "<group>";
		};
		496C1A281D930FDD00E41190 /* Ama */ = {
			isa = PBXGroup;
			children = (
				49ECF54A1D9317CA003E0359 /* Application */,
				49ECF5511D9317CA003E0359 /* iPhone */,
				49ECF5561D9317CA003E0359 /* Resources */,
				49ECF55B1D9317CA003E0359 /* Shared */,
				49ECF55D1D9317CA003E0359 /* Supporting Files */,
			);
			path = Ama;
			sourceTree = "<group>";
		};
		49D0BEDB1DB121D700149DEE /* AKCustomComponents */ = {
			isa = PBXGroup;
			children = (
				49D0BEDC1DB121D700149DEE /* AKCustomView.h */,
				49D0BEDD1DB121D700149DEE /* AKCustomView.m */,
				49D0BEDE1DB121D700149DEE /* AKCustomViewController.swift */,
				49223BF91DFF2F3A00C8CB61 /* AKHeatMapActionsOverlayView.swift */,
				49223C011DFF42C600C8CB61 /* AKHeatMapAlertsOverlayView.swift */,
				49223BF31DFEE86500C8CB61 /* AKHeatMapInfoOverlayView.swift */,
			);
			path = AKCustomComponents;
			sourceTree = "<group>";
		};
		49ECF54A1D9317CA003E0359 /* Application */ = {
			isa = PBXGroup;
			children = (
				49ECF54B1D9317CA003E0359 /* AKAppDelegate.swift */,
				49D0BF091DB125DF00149DEE /* AKBridgingHeader.h */,
				49ECF54D1D9317CA003E0359 /* AKMain.storyboard */,
			);
			path = Application;
			sourceTree = "<group>";
		};
		49ECF5511D9317CA003E0359 /* iPhone */ = {
			isa = PBXGroup;
			children = (
				49ECF5521D9317CA003E0359 /* Controllers */,
				49ECF5551D9317CA003E0359 /* Views */,
			);
			path = iPhone;
			sourceTree = "<group>";
		};
		49ECF5521D9317CA003E0359 /* Controllers */ = {
			isa = PBXGroup;
			children = (
				49ECF5541D9317CA003E0359 /* AKConfigViewController.swift */,
				49ECF5531D9317CA003E0359 /* AKHeatMapViewController.swift */,
			);
			path = Controllers;
			sourceTree = "<group>";
		};
		49ECF5551D9317CA003E0359 /* Views */ = {
			isa = PBXGroup;
			children = (
				49223BF71DFF2E7200C8CB61 /* AKHeatMapActionsOverlayView.xib */,
				49223BFF1DFF41FE00C8CB61 /* AKHeatMapAlertsOverlayView.xib */,
				49223BF11DFEE6A200C8CB61 /* AKHeatMapInfoOverlayView.xib */,
			);
			path = Views;
			sourceTree = "<group>";
		};
		49ECF5561D9317CA003E0359 /* Resources */ = {
			isa = PBXGroup;
			children = (
				49ECF5571D9317CA003E0359 /* Assets.xcassets */,
				49ECF5591D9317CA003E0359 /* Files */,
				49ECF55A1D9317CA003E0359 /* Images */,
			);
			path = Resources;
			sourceTree = "<group>";
		};
		49ECF5591D9317CA003E0359 /* Files */ = {
			isa = PBXGroup;
			children = (
				496707FC1DFB904000888E25 /* 2015-12-04--09%3A44%3A11,00.ama */,
			);
			path = Files;
			sourceTree = "<group>";
		};
		49ECF55A1D9317CA003E0359 /* Images */ = {
			isa = PBXGroup;
			children = (
				492FF7501DBE8AFE009B4CDD /* 0001-030px.png */,
				492FF7511DBE8AFE009B4CDD /* 0002-030px.png */,
				492FF7521DBE8AFE009B4CDD /* 0003-030px.png */,
				492FF7561DBE8BE9009B4CDD /* 0004-030px.png */,
				49223BF51DFF2B1100C8CB61 /* 0005-030px.png */,
				49B96A001E1DA56C00F33829 /* 0006-512px.png */,
				49B96A1E1E1DA9B900F33829 /* AppIcon-20@1x.png */,
				49B96A1F1E1DA9B900F33829 /* AppIcon-20@2x.png */,
				49B96A201E1DA9B900F33829 /* AppIcon-20@3x.png */,
				49B96A011E1DA56C00F33829 /* AppIcon-29@1x.png */,
				49B96A021E1DA56C00F33829 /* AppIcon-29@2x.png */,
				49B96A031E1DA56C00F33829 /* AppIcon-29@3x.png */,
				49B96A041E1DA56C00F33829 /* AppIcon-40@1x.png */,
				49B96A051E1DA56C00F33829 /* AppIcon-40@2x.png */,
				49B96A061E1DA56C00F33829 /* AppIcon-40@3x.png */,
				49B96A071E1DA56C00F33829 /* AppIcon-60@1x.png */,
				49B96A081E1DA56C00F33829 /* AppIcon-60@2x.png */,
				49B96A091E1DA56C00F33829 /* AppIcon-60@3x.png */,
				49B96A0A1E1DA56C00F33829 /* AppIcon-76@1x.png */,
				49B96A0B1E1DA56C00F33829 /* AppIcon-76@2x.png */,
				49B96A0C1E1DA56C00F33829 /* AppIcon-76@3x.png */,
				49B96A0D1E1DA56C00F33829 /* AppIcon-83.5@2x.png */,
				49B96A0E1E1DA56C00F33829 /* AppIcon-1024@1x.png */,
			);
			path = Images;
			sourceTree = "<group>";
		};
		49ECF55B1D9317CA003E0359 /* Shared */ = {
			isa = PBXGroup;
			children = (
				49ECF55C1D9317CA003E0359 /* Library */,
			);
			path = Shared;
			sourceTree = "<group>";
		};
		49ECF55C1D9317CA003E0359 /* Library */ = {
			isa = PBXGroup;
			children = (
				49D0BEEE1DB121D700149DEE /* AKConstants.swift */,
				49D0BEDB1DB121D700149DEE /* AKCustomComponents */,
				49223BFD1DFF3D2100C8CB61 /* AKDIMOverlay.swift */,
				49223BFB1DFF3CEE00C8CB61 /* AKDIMOverlayRenderer.swift */,
				49D621B91E12E65D004388AF /* AKFileUtils.swift */,
				49D0BEF21DB121D700149DEE /* AKInputData.swift */,
				49D621BA1E12E65D004388AF /* AKMasterFile.swift */,
				4905E7DF1DC151E8007A2BB2 /* AKRadarSpanOverlay.swift */,
				4905E7E71DC1C8C8007A2BB2 /* AKRainfallPoint.swift */,
				4905E7E31DC15265007A2BB2 /* AKRainOverlay.swift */,
				4905E7E51DC15284007A2BB2 /* AKRainOverlayRenderer.swift */,
				49C423211E1AC60900728DF0 /* AKUser.swift */,
				4905E7E11DC15231007A2BB2 /* AKUserAreaOverlay.swift */,
				490048181E1ADB4800EA8132 /* AKWSUtils.swift */,
			);
			path = Library;
			sourceTree = "<group>";
		};
		49ECF55D1D9317CA003E0359 /* Supporting Files */ = {
			isa = PBXGroup;
			children = (
				49D0BF081DB124E900149DEE /* Ama.entitlements */,
				49ECF55E1D9317CA003E0359 /* Info.plist */,
			);
			path = "Supporting Files";
			sourceTree = "<group>";
		};
		D116BF51896162D91D060034 /* Frameworks */ = {
			isa = PBXGroup;
			children = (
				877718A541E64678B753DA50 /* Pods_Ama.framework */,
			);
			name = Frameworks;
			sourceTree = "<group>";
		};
/* End PBXGroup section */

/* Begin PBXNativeTarget section */
		4960A4201E0C28140076E50C /* AmaTests */ = {
			isa = PBXNativeTarget;
			buildConfigurationList = 4960A42A1E0C28140076E50C /* Build configuration list for PBXNativeTarget "AmaTests" */;
			buildPhases = (
				4960A41D1E0C28140076E50C /* Sources */,
				4960A41E1E0C28140076E50C /* Frameworks */,
				4960A41F1E0C28140076E50C /* Resources */,
			);
			buildRules = (
			);
			dependencies = (
				4960A4271E0C28140076E50C /* PBXTargetDependency */,
			);
			name = AmaTests;
			productName = AmaTests;
			productReference = 4960A4211E0C28140076E50C /* AmaTests.xctest */;
			productType = "com.apple.product-type.bundle.unit-test";
		};
		496C1A251D930FDD00E41190 /* Ama */ = {
			isa = PBXNativeTarget;
			buildConfigurationList = 496C1A3A1D930FDD00E41190 /* Build configuration list for PBXNativeTarget "Ama" */;
			buildPhases = (
				23C8D24B57CB50AC75C86C58 /* [CP] Check Pods Manifest.lock */,
				496C1A221D930FDD00E41190 /* Sources */,
				496C1A231D930FDD00E41190 /* Frameworks */,
				496C1A241D930FDD00E41190 /* Resources */,
				094CF2C79837DCC3D61CAE02 /* [CP] Embed Pods Frameworks */,
				326E3517E91CBB7A134DA234 /* [CP] Copy Pods Resources */,
			);
			buildRules = (
			);
			dependencies = (
			);
			name = Ama;
			productName = Ama;
			productReference = 496C1A261D930FDD00E41190 /* Ama.app */;
			productType = "com.apple.product-type.application";
		};
/* End PBXNativeTarget section */

/* Begin PBXProject section */
		496C1A1E1D930FDD00E41190 /* Project object */ = {
			isa = PBXProject;
			attributes = {
				LastSwiftUpdateCheck = 0820;
				LastUpgradeCheck = 0800;
				ORGANIZATIONNAME = APKC.net;
				TargetAttributes = {
					4960A4201E0C28140076E50C = {
						CreatedOnToolsVersion = 8.2.1;
						DevelopmentTeam = 8JQ7MFA6Q2;
						ProvisioningStyle = Manual;
						TestTargetID = 496C1A251D930FDD00E41190;
					};
					496C1A251D930FDD00E41190 = {
						CreatedOnToolsVersion = 8.0;
						DevelopmentTeam = 8JQ7MFA6Q2;
						ProvisioningStyle = Manual;
						SystemCapabilities = {
							com.apple.BackgroundModes = {
								enabled = 1;
							};
							com.apple.Push = {
								enabled = 0;
							};
						};
					};
				};
			};
			buildConfigurationList = 496C1A211D930FDD00E41190 /* Build configuration list for PBXProject "Ama" */;
			compatibilityVersion = "Xcode 3.2";
			developmentRegion = English;
			hasScannedForEncodings = 0;
			knownRegions = (
				en,
				Base,
			);
			mainGroup = 496C1A1D1D930FDD00E41190;
			productRefGroup = 496C1A271D930FDD00E41190 /* Products */;
			projectDirPath = "";
			projectRoot = "";
			targets = (
				496C1A251D930FDD00E41190 /* Ama */,
				4960A4201E0C28140076E50C /* AmaTests */,
			);
		};
/* End PBXProject section */

/* Begin PBXResourcesBuildPhase section */
		4960A41F1E0C28140076E50C /* Resources */ = {
			isa = PBXResourcesBuildPhase;
			buildActionMask = 2147483647;
			files = (
			);
			runOnlyForDeploymentPostprocessing = 0;
		};
		496C1A241D930FDD00E41190 /* Resources */ = {
			isa = PBXResourcesBuildPhase;
			buildActionMask = 2147483647;
			files = (
				49B96A171E1DA56C00F33829 /* AppIcon-60@2x.png in Resources */,
				49B96A151E1DA56C00F33829 /* AppIcon-40@3x.png in Resources */,
				49223BF81DFF2E7200C8CB61 /* AKHeatMapActionsOverlayView.xib in Resources */,
				49B96A1D1E1DA56C00F33829 /* AppIcon-1024@1x.png in Resources */,
				49B96A121E1DA56C00F33829 /* AppIcon-29@3x.png in Resources */,
				49223BF61DFF2B1100C8CB61 /* 0005-030px.png in Resources */,
				49B96A231E1DA9B900F33829 /* AppIcon-20@3x.png in Resources */,
				496707FD1DFB904100888E25 /* 2015-12-04--09%3A44%3A11,00.ama in Resources */,
				49223C001DFF41FE00C8CB61 /* AKHeatMapAlertsOverlayView.xib in Resources */,
				49B96A1C1E1DA56C00F33829 /* AppIcon-83.5@2x.png in Resources */,
				49B96A161E1DA56C00F33829 /* AppIcon-60@1x.png in Resources */,
				49223BF21DFEE6A200C8CB61 /* AKHeatMapInfoOverlayView.xib in Resources */,
				492FF7531DBE8AFE009B4CDD /* 0001-030px.png in Resources */,
				49B96A1B1E1DA56C00F33829 /* AppIcon-76@3x.png in Resources */,
				49B96A1A1E1DA56C00F33829 /* AppIcon-76@2x.png in Resources */,
				49B96A211E1DA9B900F33829 /* AppIcon-20@1x.png in Resources */,
				492FF7571DBE8BE9009B4CDD /* 0004-030px.png in Resources */,
				49B96A101E1DA56C00F33829 /* AppIcon-29@1x.png in Resources */,
				49B96A181E1DA56C00F33829 /* AppIcon-60@3x.png in Resources */,
				49B96A141E1DA56C00F33829 /* AppIcon-40@2x.png in Resources */,
				49B96A111E1DA56C00F33829 /* AppIcon-29@2x.png in Resources */,
				49B96A191E1DA56C00F33829 /* AppIcon-76@1x.png in Resources */,
				49B96A221E1DA9B900F33829 /* AppIcon-20@2x.png in Resources */,
				49E4957F1D93193F00E7822D /* Podfile in Resources */,
				49B96A0F1E1DA56C00F33829 /* 0006-512px.png in Resources */,
				49B96A131E1DA56C00F33829 /* AppIcon-40@1x.png in Resources */,
				49ECF5641D9317CA003E0359 /* Assets.xcassets in Resources */,
				492FF7541DBE8AFE009B4CDD /* 0002-030px.png in Resources */,
				492FF7551DBE8AFE009B4CDD /* 0003-030px.png in Resources */,
				49ECF5611D9317CA003E0359 /* AKMain.storyboard in Resources */,
			);
			runOnlyForDeploymentPostprocessing = 0;
		};
/* End PBXResourcesBuildPhase section */

/* Begin PBXShellScriptBuildPhase section */
		094CF2C79837DCC3D61CAE02 /* [CP] Embed Pods Frameworks */ = {
			isa = PBXShellScriptBuildPhase;
			buildActionMask = 2147483647;
			files = (
			);
			inputPaths = (
			);
			name = "[CP] Embed Pods Frameworks";
			outputPaths = (
			);
			runOnlyForDeploymentPostprocessing = 0;
			shellPath = /bin/sh;
			shellScript = "\"${SRCROOT}/Pods/Target Support Files/Pods-Ama/Pods-Ama-frameworks.sh\"\n";
			showEnvVarsInLog = 0;
		};
		23C8D24B57CB50AC75C86C58 /* [CP] Check Pods Manifest.lock */ = {
			isa = PBXShellScriptBuildPhase;
			buildActionMask = 2147483647;
			files = (
			);
			inputPaths = (
			);
			name = "[CP] Check Pods Manifest.lock";
			outputPaths = (
			);
			runOnlyForDeploymentPostprocessing = 0;
			shellPath = /bin/sh;
			shellScript = "diff \"${PODS_ROOT}/../Podfile.lock\" \"${PODS_ROOT}/Manifest.lock\" > /dev/null\nif [[ $? != 0 ]] ; then\n    cat << EOM\nerror: The sandbox is not in sync with the Podfile.lock. Run 'pod install' or update your CocoaPods installation.\nEOM\n    exit 1\nfi\n";
			showEnvVarsInLog = 0;
		};
		326E3517E91CBB7A134DA234 /* [CP] Copy Pods Resources */ = {
			isa = PBXShellScriptBuildPhase;
			buildActionMask = 2147483647;
			files = (
			);
			inputPaths = (
			);
			name = "[CP] Copy Pods Resources";
			outputPaths = (
			);
			runOnlyForDeploymentPostprocessing = 0;
			shellPath = /bin/sh;
			shellScript = "\"${SRCROOT}/Pods/Target Support Files/Pods-Ama/Pods-Ama-resources.sh\"\n";
			showEnvVarsInLog = 0;
		};
/* End PBXShellScriptBuildPhase section */

/* Begin PBXSourcesBuildPhase section */
		4960A41D1E0C28140076E50C /* Sources */ = {
			isa = PBXSourcesBuildPhase;
			buildActionMask = 2147483647;
			files = (
				4960A4331E0C37EC0076E50C /* AmaTests.swift in Sources */,
				49B46A411E0C3F280052F75E /* AKFileIO.swift in Sources */,
			);
			runOnlyForDeploymentPostprocessing = 0;
		};
		496C1A221D930FDD00E41190 /* Sources */ = {
			isa = PBXSourcesBuildPhase;
			buildActionMask = 2147483647;
			files = (
				49D621BF1E12E65D004388AF /* AKFileUtils.swift in Sources */,
				4905E7E01DC151E8007A2BB2 /* AKRadarSpanOverlay.swift in Sources */,
				49D0BF001DB121D700149DEE /* AKConstants.swift in Sources */,
				49223BF41DFEE86500C8CB61 /* AKHeatMapInfoOverlayView.swift in Sources */,
				4905E7E81DC1C8C8007A2BB2 /* AKRainfallPoint.swift in Sources */,
				49223C021DFF42C600C8CB61 /* AKHeatMapAlertsOverlayView.swift in Sources */,
				49223BFC1DFF3CEE00C8CB61 /* AKDIMOverlayRenderer.swift in Sources */,
				49ECF5631D9317CA003E0359 /* AKConfigViewController.swift in Sources */,
				490048191E1ADB4800EA8132 /* AKWSUtils.swift in Sources */,
				49ECF55F1D9317CA003E0359 /* AKAppDelegate.swift in Sources */,
				49D0BF041DB121D700149DEE /* AKInputData.swift in Sources */,
				4905E7E61DC15284007A2BB2 /* AKRainOverlayRenderer.swift in Sources */,
				49C423221E1AC60900728DF0 /* AKUser.swift in Sources */,
				49ECF5621D9317CA003E0359 /* AKHeatMapViewController.swift in Sources */,
				49D621C01E12E65D004388AF /* AKMasterFile.swift in Sources */,
				4905E7E21DC15231007A2BB2 /* AKUserAreaOverlay.swift in Sources */,
				49D0BEF61DB121D700149DEE /* AKCustomView.m in Sources */,
				4905E7E41DC15265007A2BB2 /* AKRainOverlay.swift in Sources */,
				49223BFE1DFF3D2100C8CB61 /* AKDIMOverlay.swift in Sources */,
				49223BFA1DFF2F3A00C8CB61 /* AKHeatMapActionsOverlayView.swift in Sources */,
				49D0BEF71DB121D700149DEE /* AKCustomViewController.swift in Sources */,
			);
			runOnlyForDeploymentPostprocessing = 0;
		};
/* End PBXSourcesBuildPhase section */

/* Begin PBXTargetDependency section */
		4960A4271E0C28140076E50C /* PBXTargetDependency */ = {
			isa = PBXTargetDependency;
			target = 496C1A251D930FDD00E41190 /* Ama */;
			targetProxy = 4960A4261E0C28140076E50C /* PBXContainerItemProxy */;
		};
/* End PBXTargetDependency section */

/* Begin XCBuildConfiguration section */
		4960A4281E0C28140076E50C /* Debug */ = {
			isa = XCBuildConfiguration;
			buildSettings = {
				BUNDLE_LOADER = "$(TEST_HOST)";
				"CODE_SIGN_IDENTITY[sdk=iphoneos*]" = "iPhone Developer";
				DEVELOPMENT_TEAM = 8JQ7MFA6Q2;
				INFOPLIST_FILE = "AmaTests/Supporting Files/Info.plist";
				IPHONEOS_DEPLOYMENT_TARGET = 10.2;
				LD_RUNPATH_SEARCH_PATHS = "$(inherited) @executable_path/Frameworks @loader_path/Frameworks";
				PRODUCT_BUNDLE_IDENTIFIER = net.apkc.projects.ios.AmaTests;
				PRODUCT_NAME = "$(TARGET_NAME)";
				SWIFT_VERSION = 3.0;
				TEST_HOST = "$(BUILT_PRODUCTS_DIR)/Ama.app/Ama";
			};
			name = Debug;
		};
		4960A4291E0C28140076E50C /* Release */ = {
			isa = XCBuildConfiguration;
			buildSettings = {
				BUNDLE_LOADER = "$(TEST_HOST)";
				"CODE_SIGN_IDENTITY[sdk=iphoneos*]" = "iPhone Distribution";
				DEVELOPMENT_TEAM = 8JQ7MFA6Q2;
				INFOPLIST_FILE = "AmaTests/Supporting Files/Info.plist";
				IPHONEOS_DEPLOYMENT_TARGET = 10.2;
				LD_RUNPATH_SEARCH_PATHS = "$(inherited) @executable_path/Frameworks @loader_path/Frameworks";
				PRODUCT_BUNDLE_IDENTIFIER = net.apkc.projects.ios.AmaTests;
				PRODUCT_NAME = "$(TARGET_NAME)";
				SWIFT_VERSION = 3.0;
				TEST_HOST = "$(BUILT_PRODUCTS_DIR)/Ama.app/Ama";
			};
			name = Release;
		};
		496C1A381D930FDD00E41190 /* Debug */ = {
			isa = XCBuildConfiguration;
			buildSettings = {
				ALWAYS_SEARCH_USER_PATHS = NO;
				CLANG_ANALYZER_NONNULL = YES;
				CLANG_CXX_LANGUAGE_STANDARD = "gnu++0x";
				CLANG_CXX_LIBRARY = "libc++";
				CLANG_ENABLE_MODULES = YES;
				CLANG_ENABLE_OBJC_ARC = YES;
				CLANG_WARN_BOOL_CONVERSION = YES;
				CLANG_WARN_CONSTANT_CONVERSION = YES;
				CLANG_WARN_DIRECT_OBJC_ISA_USAGE = YES_ERROR;
				CLANG_WARN_DOCUMENTATION_COMMENTS = YES;
				CLANG_WARN_EMPTY_BODY = YES;
				CLANG_WARN_ENUM_CONVERSION = YES;
				CLANG_WARN_INFINITE_RECURSION = YES;
				CLANG_WARN_INT_CONVERSION = YES;
				CLANG_WARN_OBJC_ROOT_CLASS = YES_ERROR;
				CLANG_WARN_SUSPICIOUS_MOVE = YES;
				CLANG_WARN_SUSPICIOUS_MOVES = YES;
				CLANG_WARN_UNREACHABLE_CODE = YES;
				CLANG_WARN__DUPLICATE_METHOD_MATCH = YES;
				COPY_PHASE_STRIP = NO;
				DEBUG_INFORMATION_FORMAT = dwarf;
				ENABLE_STRICT_OBJC_MSGSEND = YES;
				ENABLE_TESTABILITY = YES;
				GCC_C_LANGUAGE_STANDARD = gnu99;
				GCC_DYNAMIC_NO_PIC = NO;
				GCC_NO_COMMON_BLOCKS = YES;
				GCC_OPTIMIZATION_LEVEL = 0;
				GCC_PREPROCESSOR_DEFINITIONS = (
					"DEBUG=1",
					"$(inherited)",
				);
				GCC_WARN_64_TO_32_BIT_CONVERSION = YES;
				GCC_WARN_ABOUT_RETURN_TYPE = YES_ERROR;
				GCC_WARN_UNDECLARED_SELECTOR = YES;
				GCC_WARN_UNINITIALIZED_AUTOS = YES_AGGRESSIVE;
				GCC_WARN_UNUSED_FUNCTION = YES;
				GCC_WARN_UNUSED_VARIABLE = YES;
				IPHONEOS_DEPLOYMENT_TARGET = 9.3;
				MTL_ENABLE_DEBUG_INFO = YES;
				ONLY_ACTIVE_ARCH = YES;
				SDKROOT = iphoneos;
				SWIFT_ACTIVE_COMPILATION_CONDITIONS = DEBUG;
				SWIFT_OPTIMIZATION_LEVEL = "-Onone";
			};
			name = Debug;
		};
		496C1A391D930FDD00E41190 /* Release */ = {
			isa = XCBuildConfiguration;
			buildSettings = {
				ALWAYS_SEARCH_USER_PATHS = NO;
				CLANG_ANALYZER_NONNULL = YES;
				CLANG_CXX_LANGUAGE_STANDARD = "gnu++0x";
				CLANG_CXX_LIBRARY = "libc++";
				CLANG_ENABLE_MODULES = YES;
				CLANG_ENABLE_OBJC_ARC = YES;
				CLANG_WARN_BOOL_CONVERSION = YES;
				CLANG_WARN_CONSTANT_CONVERSION = YES;
				CLANG_WARN_DIRECT_OBJC_ISA_USAGE = YES_ERROR;
				CLANG_WARN_DOCUMENTATION_COMMENTS = YES;
				CLANG_WARN_EMPTY_BODY = YES;
				CLANG_WARN_ENUM_CONVERSION = YES;
				CLANG_WARN_INFINITE_RECURSION = YES;
				CLANG_WARN_INT_CONVERSION = YES;
				CLANG_WARN_OBJC_ROOT_CLASS = YES_ERROR;
				CLANG_WARN_SUSPICIOUS_MOVE = YES;
				CLANG_WARN_SUSPICIOUS_MOVES = YES;
				CLANG_WARN_UNREACHABLE_CODE = YES;
				CLANG_WARN__DUPLICATE_METHOD_MATCH = YES;
				COPY_PHASE_STRIP = NO;
				DEBUG_INFORMATION_FORMAT = "dwarf-with-dsym";
				ENABLE_NS_ASSERTIONS = NO;
				ENABLE_STRICT_OBJC_MSGSEND = YES;
				GCC_C_LANGUAGE_STANDARD = gnu99;
				GCC_NO_COMMON_BLOCKS = YES;
				GCC_WARN_64_TO_32_BIT_CONVERSION = YES;
				GCC_WARN_ABOUT_RETURN_TYPE = YES_ERROR;
				GCC_WARN_UNDECLARED_SELECTOR = YES;
				GCC_WARN_UNINITIALIZED_AUTOS = YES_AGGRESSIVE;
				GCC_WARN_UNUSED_FUNCTION = YES;
				GCC_WARN_UNUSED_VARIABLE = YES;
				IPHONEOS_DEPLOYMENT_TARGET = 9.3;
				MTL_ENABLE_DEBUG_INFO = NO;
				SDKROOT = iphoneos;
				SWIFT_OPTIMIZATION_LEVEL = "-Owholemodule";
				VALIDATE_PRODUCT = YES;
			};
			name = Release;
		};
		496C1A3B1D930FDD00E41190 /* Debug */ = {
			isa = XCBuildConfiguration;
			baseConfigurationReference = 7E1E5206C4883F3670F3EC77 /* Pods-Ama.debug.xcconfig */;
			buildSettings = {
				ASSETCATALOG_COMPILER_APPICON_NAME = AppIcon;
				CODE_SIGN_IDENTITY = "iPhone Developer: Andreas P. Koenzen (5GQB46H9ER)";
				DEVELOPMENT_TEAM = 8JQ7MFA6Q2;
				INFOPLIST_FILE = "$(SRCROOT)/Ama/Supporting Files/Info.plist";
				LD_RUNPATH_SEARCH_PATHS = "$(inherited) @executable_path/Frameworks";
				MTL_ENABLE_DEBUG_INFO = YES;
				PRODUCT_BUNDLE_IDENTIFIER = net.apkc.projects.ios.Ama;
				PRODUCT_NAME = "$(TARGET_NAME)";
				PROVISIONING_PROFILE = "a6268ef1-ce8f-4021-bae0-09a535ccde54";
				PROVISIONING_PROFILE_SPECIFIER = "Ama (iOS Development)";
				SWIFT_OBJC_BRIDGING_HEADER = Ama/Application/AKBridgingHeader.h;
				SWIFT_VERSION = 3.0;
				TARGETED_DEVICE_FAMILY = 1;
			};
			name = Debug;
		};
		496C1A3C1D930FDD00E41190 /* Release */ = {
			isa = XCBuildConfiguration;
			baseConfigurationReference = CA3841395D8278F8472F2F04 /* Pods-Ama.release.xcconfig */;
			buildSettings = {
				ASSETCATALOG_COMPILER_APPICON_NAME = AppIcon;
				CODE_SIGN_IDENTITY = "iPhone Distribution: Andreas P. Koenzen (8JQ7MFA6Q2)";
				DEVELOPMENT_TEAM = 8JQ7MFA6Q2;
				INFOPLIST_FILE = "$(SRCROOT)/Ama/Supporting Files/Info.plist";
				LD_RUNPATH_SEARCH_PATHS = "$(inherited) @executable_path/Frameworks";
				PRODUCT_BUNDLE_IDENTIFIER = net.apkc.projects.ios.Ama;
				PRODUCT_NAME = "$(TARGET_NAME)";
				PROVISIONING_PROFILE = "34b75e28-3a57-4529-8458-3a674b54d17b";
				PROVISIONING_PROFILE_SPECIFIER = "Ama (iOS Distribution)";
				SWIFT_OBJC_BRIDGING_HEADER = Ama/Application/AKBridgingHeader.h;
				SWIFT_VERSION = 3.0;
				TARGETED_DEVICE_FAMILY = 1;
			};
			name = Release;
		};
/* End XCBuildConfiguration section */

/* Begin XCConfigurationList section */
		4960A42A1E0C28140076E50C /* Build configuration list for PBXNativeTarget "AmaTests" */ = {
			isa = XCConfigurationList;
			buildConfigurations = (
				4960A4281E0C28140076E50C /* Debug */,
				4960A4291E0C28140076E50C /* Release */,
			);
			defaultConfigurationIsVisible = 0;
			defaultConfigurationName = Release;
		};
		496C1A211D930FDD00E41190 /* Build configuration list for PBXProject "Ama" */ = {
			isa = XCConfigurationList;
			buildConfigurations = (
				496C1A381D930FDD00E41190 /* Debug */,
				496C1A391D930FDD00E41190 /* Release */,
			);
			defaultConfigurationIsVisible = 0;
			defaultConfigurationName = Release;
		};
		496C1A3A1D930FDD00E41190 /* Build configuration list for PBXNativeTarget "Ama" */ = {
			isa = XCConfigurationList;
			buildConfigurations = (
				496C1A3B1D930FDD00E41190 /* Debug */,
				496C1A3C1D930FDD00E41190 /* Release */,
			);
			defaultConfigurationIsVisible = 0;
			defaultConfigurationName = Release;
		};
/* End XCConfigurationList section */
	};
	rootObject = 496C1A1E1D930FDD00E41190 /* Project object */;
}
